
Microsoft Visual Studio Solution File, Format Version 12.00
# Visual Studio 14
VisualStudioVersion = 14.0.25420.1
MinimumVisualStudioVersion = 10.0.40219.1
Project("{8BC9CEB8-8B4A-11D0-8D11-00A0C91BC942}") = "reviewMultiDimArray", "reviewMultiDimArray\reviewMultiDimArray.vcxproj", "{5FAB6691-807A-4286-ACCF-9DB4D4E59AEC}"
EndProject
Project("{8BC9CEB8-8B4A-11D0-8D11-00A0C91BC942}") = "UnitTest1_reviewMultiDimArray", "UnitTest1_reviewMultiDimArray\UnitTest1_reviewMultiDimArray.vcxproj", "{34A36CED-2511-4C7F-8AD2-1EF59865590E}"
	ProjectSection(ProjectDependencies) = postProject
		{5FAB6691-807A-4286-ACCF-9DB4D4E59AEC} = {5FAB6691-807A-4286-ACCF-9DB4D4E59AEC}
	EndProjectSection
EndProject
Global
	GlobalSection(SolutionConfigurationPlatforms) = preSolution
		Debug|x64 = Debug|x64
		Debug|x86 = Debug|x86
		Release|x64 = Release|x64
		Release|x86 = Release|x86
	EndGlobalSection
	GlobalSection(ProjectConfigurationPlatforms) = postSolution
		{5FAB6691-807A-4286-ACCF-9DB4D4E59AEC}.Debug|x64.ActiveCfg = Debug|x64
		{5FAB6691-807A-4286-ACCF-9DB4D4E59AEC}.Debug|x64.Build.0 = Debug|x64
		{5FAB6691-807A-4286-ACCF-9DB4D4E59AEC}.Debug|x86.ActiveCfg = Debug|Win32
		{5FAB6691-807A-4286-ACCF-9DB4D4E59AEC}.Debug|x86.Build.0 = Debug|Win32
		{5FAB6691-807A-4286-ACCF-9DB4D4E59AEC}.Release|x64.ActiveCfg = Release|x64
		{5FAB6691-807A-4286-ACCF-9DB4D4E59AEC}.Release|x64.Build.0 = Release|x64
		{5FAB6691-807A-4286-ACCF-9DB4D4E59AEC}.Release|x86.ActiveCfg = Release|Win32
		{5FAB6691-807A-4286-ACCF-9DB4D4E59AEC}.Release|x86.Build.0 = Release|Win32
		{34A36CED-2511-4C7F-8AD2-1EF59865590E}.Debug|x64.ActiveCfg = Debug|x64
		{34A36CED-2511-4C7F-8AD2-1EF59865590E}.Debug|x64.Build.0 = Debug|x64
		{34A36CED-2511-4C7F-8AD2-1EF59865590E}.Debug|x86.ActiveCfg = Debug|Win32
		{34A36CED-2511-4C7F-8AD2-1EF59865590E}.Debug|x86.Build.0 = Debug|Win32
		{34A36CED-2511-4C7F-8AD2-1EF59865590E}.Release|x64.ActiveCfg = Release|x64
		{34A36CED-2511-4C7F-8AD2-1EF59865590E}.Release|x64.Build.0 = Release|x64
		{34A36CED-2511-4C7F-8AD2-1EF59865590E}.Release|x86.ActiveCfg = Release|Win32
		{34A36CED-2511-4C7F-8AD2-1EF59865590E}.Release|x86.Build.0 = Release|Win32
	EndGlobalSection
	GlobalSection(SolutionProperties) = preSolution
		HideSolutionNode = FALSE
	EndGlobalSection
EndGlobal
